
Microsoft Visual Studio Solution File, Format Version 12.00
# Visual Studio Version 16
VisualStudioVersion = 16.0.30225.117
MinimumVisualStudioVersion = 10.0.40219.1
Project("{FAE04EC0-301F-11D3-BF4B-00C04F79EFBC}") = "FarzinTools", "FarzinTools\FarzinTools.csproj", "{EEA81D09-ED51-4FFD-88FE-318EF64E4907}"
EndProject
Global
	GlobalSection(SolutionConfigurationPlatforms) = preSolution
		Debug|Any CPU = Debug|Any CPU
		Release|Any CPU = Release|Any CPU
	EndGlobalSection
	GlobalSection(ProjectConfigurationPlatforms) = postSolution
		{EEA81D09-ED51-4FFD-88FE-318EF64E4907}.Debug|Any CPU.ActiveCfg = Debug|Any CPU
		{EEA81D09-ED51-4FFD-88FE-318EF64E4907}.Debug|Any CPU.Build.0 = Debug|Any CPU
		{EEA81D09-ED51-4FFD-88FE-318EF64E4907}.Release|Any CPU.ActiveCfg = Release|Any CPU
		{EEA81D09-ED51-4FFD-88FE-318EF64E4907}.Release|Any CPU.Build.0 = Release|Any CPU
	EndGlobalSection
	GlobalSection(SolutionProperties) = preSolution
		HideSolutionNode = FALSE
	EndGlobalSection
	GlobalSection(ExtensibilityGlobals) = postSolution
		SolutionGuid = {5D6B9BF9-0C83-44B2-8E85-81A9441B498B}
	EndGlobalSection
	GlobalSection(TeamFoundationVersionControl) = preSolution
		SccNumberOfProjects = 2
		SccEnterpriseProvider = {4CA58AB2-18FA-4F8D-95D4-32DDF27D184C}
		SccTeamFoundationServer = http://ngra-tfs:8080/tfs/ngrautilities
		SccLocalPath0 = .
		SccProjectUniqueName1 = FarzinTools\\FarzinTools.csproj
		SccProjectName1 = FarzinTools
		SccLocalPath1 = FarzinTools
	EndGlobalSection
EndGlobal
